// !$*UTF8*$!
{
	archiveVersion = 1;
	classes = {
	};
	objectVersion = 46;
	objects = {

/* Begin PBXBuildFile section */
		2CC3A4951D10C830007D18FE /* AppDelegate.swift in Sources */ = {isa = PBXBuildFile; fileRef = 2CC3A4941D10C830007D18FE /* AppDelegate.swift */; };
		2CC3A4971D10C830007D18FE /* RecordSoundsViewController.swift in Sources */ = {isa = PBXBuildFile; fileRef = 2CC3A4961D10C830007D18FE /* RecordSoundsViewController.swift */; };
		2CC3A49A1D10C830007D18FE /* Main.storyboard in Resources */ = {isa = PBXBuildFile; fileRef = 2CC3A4981D10C830007D18FE /* Main.storyboard */; };
		2CC3A49C1D10C830007D18FE /* Assets.xcassets in Resources */ = {isa = PBXBuildFile; fileRef = 2CC3A49B1D10C830007D18FE /* Assets.xcassets */; };
		2CC3A49F1D10C830007D18FE /* LaunchScreen.storyboard in Resources */ = {isa = PBXBuildFile; fileRef = 2CC3A49D1D10C830007D18FE /* LaunchScreen.storyboard */; };
		2CF1901A1D12009800067E7A /* PlaySoundsUIViewController.swift in Sources */ = {isa = PBXBuildFile; fileRef = 2CF190191D12009800067E7A /* PlaySoundsUIViewController.swift */; };
		2CF1901C1D1233B900067E7A /* EqualizerView.swift in Sources */ = {isa = PBXBuildFile; fileRef = 2CF1901B1D1233B900067E7A /* EqualizerView.swift */; };
/* End PBXBuildFile section */

/* Begin PBXFileReference section */
		2CC3A4911D10C830007D18FE /* PitchPerfect.app */ = {isa = PBXFileReference; explicitFileType = wrapper.application; includeInIndex = 0; path = PitchPerfect.app; sourceTree = BUILT_PRODUCTS_DIR; };
		2CC3A4941D10C830007D18FE /* AppDelegate.swift */ = {isa = PBXFileReference; lastKnownFileType = sourcecode.swift; path = AppDelegate.swift; sourceTree = "<group>"; };
		2CC3A4961D10C830007D18FE /* RecordSoundsViewController.swift */ = {isa = PBXFileReference; lastKnownFileType = sourcecode.swift; path = RecordSoundsViewController.swift; sourceTree = "<group>"; };
		2CC3A4991D10C830007D18FE /* Base */ = {isa = PBXFileReference; lastKnownFileType = file.storyboard; name = Base; path = Base.lproj/Main.storyboard; sourceTree = "<group>"; };
		2CC3A49B1D10C830007D18FE /* Assets.xcassets */ = {isa = PBXFileReference; lastKnownFileType = folder.assetcatalog; path = Assets.xcassets; sourceTree = "<group>"; };
		2CC3A49E1D10C830007D18FE /* Base */ = {isa = PBXFileReference; lastKnownFileType = file.storyboard; name = Base; path = Base.lproj/LaunchScreen.storyboard; sourceTree = "<group>"; };
		2CC3A4A01D10C830007D18FE /* Info.plist */ = {isa = PBXFileReference; lastKnownFileType = text.plist.xml; path = Info.plist; sourceTree = "<group>"; };
		2CF190191D12009800067E7A /* PlaySoundsUIViewController.swift */ = {isa = PBXFileReference; fileEncoding = 4; lastKnownFileType = sourcecode.swift; path = PlaySoundsUIViewController.swift; sourceTree = "<group>"; };
		2CF1901B1D1233B900067E7A /* EqualizerView.swift */ = {isa = PBXFileReference; fileEncoding = 4; lastKnownFileType = sourcecode.swift; path = EqualizerView.swift; sourceTree = "<group>"; };
/* End PBXFileReference section */

/* Begin PBXFrameworksBuildPhase section */
		2CC3A48E1D10C830007D18FE /* Frameworks */ = {
			isa = PBXFrameworksBuildPhase;
			buildActionMask = 2147483647;
			files = (
			);
			runOnlyForDeploymentPostprocessing = 0;
		};
/* End PBXFrameworksBuildPhase section */

/* Begin PBXGroup section */
		2CC3A4881D10C830007D18FE = {
			isa = PBXGroup;
			children = (
				2CC3A4931D10C830007D18FE /* PitchPerfect */,
				2CC3A4921D10C830007D18FE /* Products */,
			);
			sourceTree = "<group>";
		};
		2CC3A4921D10C830007D18FE /* Products */ = {
			isa = PBXGroup;
			children = (
				2CC3A4911D10C830007D18FE /* PitchPerfect.app */,
			);
			name = Products;
			sourceTree = "<group>";
		};
		2CC3A4931D10C830007D18FE /* PitchPerfect */ = {
			isa = PBXGroup;
			children = (
				2CC3A4941D10C830007D18FE /* AppDelegate.swift */,
				2CC3A4961D10C830007D18FE /* RecordSoundsViewController.swift */,
				2CF190191D12009800067E7A /* PlaySoundsUIViewController.swift */,
				2CF1901B1D1233B900067E7A /* EqualizerView.swift */,
				2CC3A4981D10C830007D18FE /* Main.storyboard */,
				2CC3A49B1D10C830007D18FE /* Assets.xcassets */,
				2CC3A49D1D10C830007D18FE /* LaunchScreen.storyboard */,
				2CC3A4A01D10C830007D18FE /* Info.plist */,
			);
			path = PitchPerfect;
			sourceTree = "<group>";
		};
/* End PBXGroup section */

/* Begin PBXNativeTarget section */
		2CC3A4901D10C830007D18FE /* PitchPerfect */ = {
			isa = PBXNativeTarget;
			buildConfigurationList = 2CC3A4A31D10C830007D18FE /* Build configuration list for PBXNativeTarget "PitchPerfect" */;
			buildPhases = (
				2CC3A48D1D10C830007D18FE /* Sources */,
				2CC3A48E1D10C830007D18FE /* Frameworks */,
				2CC3A48F1D10C830007D18FE /* Resources */,
			);
			buildRules = (
			);
			dependencies = (
			);
			name = PitchPerfect;
			productName = PitchPerfect;
			productReference = 2CC3A4911D10C830007D18FE /* PitchPerfect.app */;
			productType = "com.apple.product-type.application";
		};
/* End PBXNativeTarget section */

/* Begin PBXProject section */
		2CC3A4891D10C830007D18FE /* Project object */ = {
			isa = PBXProject;
			attributes = {
				LastSwiftUpdateCheck = 0730;
				LastUpgradeCheck = 0730;
				ORGANIZATIONNAME = "Yan Zverev";
				TargetAttributes = {
					2CC3A4901D10C830007D18FE = {
						CreatedOnToolsVersion = 7.3.1;
						DevelopmentTeam = 7DEEVLK7V9;
					};
				};
			};
			buildConfigurationList = 2CC3A48C1D10C830007D18FE /* Build configuration list for PBXProject "PitchPerfect" */;
			compatibilityVersion = "Xcode 3.2";
			developmentRegion = English;
			hasScannedForEncodings = 0;
			knownRegions = (
				en,
				Base,
			);
			mainGroup = 2CC3A4881D10C830007D18FE;
			productRefGroup = 2CC3A4921D10C830007D18FE /* Products */;
			projectDirPath = "";
			projectRoot = "";
			targets = (
				2CC3A4901D10C830007D18FE /* PitchPerfect */,
			);
		};
/* End PBXProject section */

/* Begin PBXResourcesBuildPhase section */
		2CC3A48F1D10C830007D18FE /* Resources */ = {
			isa = PBXResourcesBuildPhase;
			buildActionMask = 2147483647;
			files = (
				2CC3A49F1D10C830007D18FE /* LaunchScreen.storyboard in Resources */,
				2CC3A49C1D10C830007D18FE /* Assets.xcassets in Resources */,
				2CC3A49A1D10C830007D18FE /* Main.storyboard in Resources */,
			);
			runOnlyForDeploymentPostprocessing = 0;
		};
/* End PBXResourcesBuildPhase section */

/* Begin PBXSourcesBuildPhase section */
		2CC3A48D1D10C830007D18FE /* Sources */ = {
			isa = PBXSourcesBuildPhase;
			buildActionMask = 2147483647;
			files = (
				2CC3A4971D10C830007D18FE /* RecordSoundsViewController.swift in Sources */,
				2CC3A4951D10C830007D18FE /* AppDelegate.swift in Sources */,
				2CF1901A1D12009800067E7A /* PlaySoundsUIViewController.swift in Sources */,
				2CF1901C1D1233B900067E7A /* EqualizerView.swift in Sources */,
			);
			runOnlyForDeploymentPostprocessing = 0;
		};
/* End PBXSourcesBuildPhase section */

/* Begin PBXVariantGroup section */
		2CC3A4981D10C830007D18FE /* Main.storyboard */ = {
			isa = PBXVariantGroup;
			children = (
				2CC3A4991D10C830007D18FE /* Base */,
			);
			name = Main.storyboard;
			sourceTree = "<group>";
		};
		2CC3A49D1D10C830007D18FE /* LaunchScreen.storyboard */ = {
			isa = PBXVariantGroup;
			children = (
				2CC3A49E1D10C830007D18FE /* Base */,
			);
			name = LaunchScreen.storyboard;
			sourceTree = "<group>";
		};
/* End PBXVariantGroup section */

/* Begin XCBuildConfiguration section */
		2CC3A4A11D10C830007D18FE /* Debug */ = {
			isa = XCBuildConfiguration;
			buildSettings = {
				ALWAYS_SEARCH_USER_PATHS = NO;
				CLANG_ANALYZER_NONNULL = YES;
				CLANG_CXX_LANGUAGE_STANDARD = "gnu++0x";
				CLANG_CXX_LIBRARY = "libc++";
				CLANG_ENABLE_MODULES = YES;
				CLANG_ENABLE_OBJC_ARC = YES;
				CLANG_WARN_BOOL_CONVERSION = YES;
				CLANG_WARN_CONSTANT_CONVERSION = YES;
				CLANG_WARN_DIRECT_OBJC_ISA_USAGE = YES_ERROR;
				CLANG_WARN_EMPTY_BODY = YES;
				CLANG_WARN_ENUM_CONVERSION = YES;
				CLANG_WARN_INT_CONVERSION = YES;
				CLANG_WARN_OBJC_ROOT_CLASS = YES_ERROR;
				CLANG_WARN_UNREACHABLE_CODE = YES;
				CLANG_WARN__DUPLICATE_METHOD_MATCH = YES;
				"CODE_SIGN_IDENTITY[sdk=iphoneos*]" = "iPhone Developer";
				COPY_PHASE_STRIP = NO;
				DEBUG_INFORMATION_FORMAT = dwarf;
				ENABLE_STRICT_OBJC_MSGSEND = YES;
				ENABLE_TESTABILITY = YES;
				GCC_C_LANGUAGE_STANDARD = gnu99;
				GCC_DYNAMIC_NO_PIC = NO;
				GCC_NO_COMMON_BLOCKS = YES;
				GCC_OPTIMIZATION_LEVEL = 0;
				GCC_PREPROCESSOR_DEFINITIONS = (
					"DEBUG=1",
					"$(inherited)",
				);
				GCC_WARN_64_TO_32_BIT_CONVERSION = YES;
				GCC_WARN_ABOUT_RETURN_TYPE = YES_ERROR;
				GCC_WARN_UNDECLARED_SELECTOR = YES;
				GCC_WARN_UNINITIALIZED_AUTOS = YES_AGGRESSIVE;
				GCC_WARN_UNUSED_FUNCTION = YES;
				GCC_WARN_UNUSED_VARIABLE = YES;
				IPHONEOS_DEPLOYMENT_TARGET = 9.3;
				MTL_ENABLE_DEBUG_INFO = YES;
				ONLY_ACTIVE_ARCH = YES;
				SDKROOT = iphoneos;
				SWIFT_OPTIMIZATION_LEVEL = "-Onone";
				TARGETED_DEVICE_FAMILY = "1,2";
			};
			name = Debug;
		};
		2CC3A4A21D10C830007D18FE /* Release */ = {
			isa = XCBuildConfiguration;
			buildSettings = {
				ALWAYS_SEARCH_USER_PATHS = NO;
				CLANG_ANALYZER_NONNULL = YES;
				CLANG_CXX_LANGUAGE_STANDARD = "gnu++0x";
				CLANG_CXX_LIBRARY = "libc++";
				CLANG_ENABLE_MODULES = YES;
				CLANG_ENABLE_OBJC_ARC = YES;
				CLANG_WARN_BOOL_CONVERSION = YES;
				CLANG_WARN_CONSTANT_CONVERSION = YES;
				CLANG_WARN_DIRECT_OBJC_ISA_USAGE = YES_ERROR;
				CLANG_WARN_EMPTY_BODY = YES;
				CLANG_WARN_ENUM_CONVERSION = YES;
				CLANG_WARN_INT_CONVERSION = YES;
				CLANG_WARN_OBJC_ROOT_CLASS = YES_ERROR;
				CLANG_WARN_UNREACHABLE_CODE = YES;
				CLANG_WARN__DUPLICATE_METHOD_MATCH = YES;
				"CODE_SIGN_IDENTITY[sdk=iphoneos*]" = "iPhone Developer";
				COPY_PHASE_STRIP = NO;
				DEBUG_INFORMATION_FORMAT = "dwarf-with-dsym";
				ENABLE_NS_ASSERTIONS = NO;
				ENABLE_STRICT_OBJC_MSGSEND = YES;
				GCC_C_LANGUAGE_STANDARD = gnu99;
				GCC_NO_COMMON_BLOCKS = YES;
				GCC_WARN_64_TO_32_BIT_CONVERSION = YES;
				GCC_WARN_ABOUT_RETURN_TYPE = YES_ERROR;
				GCC_WARN_UNDECLARED_SELECTOR = YES;
				GCC_WARN_UNINITIALIZED_AUTOS = YES_AGGRESSIVE;
				GCC_WARN_UNUSED_FUNCTION = YES;
				GCC_WARN_UNUSED_VARIABLE = YES;
				IPHONEOS_DEPLOYMENT_TARGET = 9.3;
				MTL_ENABLE_DEBUG_INFO = NO;
				SDKROOT = iphoneos;
				TARGETED_DEVICE_FAMILY = "1,2";
				VALIDATE_PRODUCT = YES;
			};
			name = Release;
		};
		2CC3A4A41D10C830007D18FE /* Debug */ = {
			isa = XCBuildConfiguration;
			buildSettings = {
				ASSETCATALOG_COMPILER_APPICON_NAME = AppIcon;
				CODE_SIGN_IDENTITY = "iPhone Developer";
				"CODE_SIGN_IDENTITY[sdk=iphoneos*]" = "iPhone Developer";
				INFOPLIST_FILE = PitchPerfect/Info.plist;
				LD_RUNPATH_SEARCH_PATHS = "$(inherited) @executable_path/Frameworks";
				PRODUCT_BUNDLE_IDENTIFIER = com.devicefuldevevelopers.PitchPerfect;
				PRODUCT_NAME = "$(TARGET_NAME)";
				PROVISIONING_PROFILE = "";
			};
			name = Debug;
		};
		2CC3A4A51D10C830007D18FE /* Release */ = {
			isa = XCBuildConfiguration;
			buildSettings = {
				ASSETCATALOG_COMPILER_APPICON_NAME = AppIcon;
				CODE_SIGN_IDENTITY = "iPhone Developer";
				"CODE_SIGN_IDENTITY[sdk=iphoneos*]" = "iPhone Developer";
				INFOPLIST_FILE = PitchPerfect/Info.plist;
				LD_RUNPATH_SEARCH_PATHS = "$(inherited) @executable_path/Frameworks";
				PRODUCT_BUNDLE_IDENTIFIER = com.devicefuldevevelopers.PitchPerfect;
				PRODUCT_NAME = "$(TARGET_NAME)";
				PROVISIONING_PROFILE = "";
			};
			name = Release;
		};
/* End XCBuildConfiguration section */

/* Begin XCConfigurationList section */
		2CC3A48C1D10C830007D18FE /* Build configuration list for PBXProject "PitchPerfect" */ = {
			isa = XCConfigurationList;
			buildConfigurations = (
				2CC3A4A11D10C830007D18FE /* Debug */,
				2CC3A4A21D10C830007D18FE /* Release */,
			);
			defaultConfigurationIsVisible = 0;
			defaultConfigurationName = Release;
		};
		2CC3A4A31D10C830007D18FE /* Build configuration list for PBXNativeTarget "PitchPerfect" */ = {
			isa = XCConfigurationList;
			buildConfigurations = (
				2CC3A4A41D10C830007D18FE /* Debug */,
				2CC3A4A51D10C830007D18FE /* Release */,
			);
			defaultConfigurationIsVisible = 0;
			defaultConfigurationName = Release;
		};
/* End XCConfigurationList section */
	};
	rootObject = 2CC3A4891D10C830007D18FE /* Project object */;
}
